
Microsoft Visual Studio Solution File, Format Version 12.00
# Visual Studio 15
VisualStudioVersion = 15.0.28307.779
MinimumVisualStudioVersion = 10.0.40219.1
Project("{FAE04EC0-301F-11D3-BF4B-00C04F79EFBC}") = "BasicInheritance", "BasicInheritance\BasicInheritance.csproj", "{D3635EF8-27F5-407C-B190-55617CF56090}"
EndProject
Global
	GlobalSection(SolutionConfigurationPlatforms) = preSolution
		Debug|Any CPU = Debug|Any CPU
		Release|Any CPU = Release|Any CPU
	EndGlobalSection
	GlobalSection(ProjectConfigurationPlatforms) = postSolution
		{D3635EF8-27F5-407C-B190-55617CF56090}.Debug|Any CPU.ActiveCfg = Debug|Any CPU
		{D3635EF8-27F5-407C-B190-55617CF56090}.Debug|Any CPU.Build.0 = Debug|Any CPU
		{D3635EF8-27F5-407C-B190-55617CF56090}.Release|Any CPU.ActiveCfg = Release|Any CPU
		{D3635EF8-27F5-407C-B190-55617CF56090}.Release|Any CPU.Build.0 = Release|Any CPU
	EndGlobalSection
	GlobalSection(SolutionProperties) = preSolution
		HideSolutionNode = FALSE
	EndGlobalSection
	GlobalSection(ExtensibilityGlobals) = postSolution
		SolutionGuid = {953BE2C2-8A60-4FDF-BF91-C251ED24E56D}
	EndGlobalSection
EndGlobal
